// !$*UTF8*$!
{
	archiveVersion = 1;
	classes = {
	};
	objectVersion = 46;
	objects = {

/* Begin PBXBuildFile section */
		35F48739175B0F1100E8F4EA /* NSData+Base64.m in Sources */ = {isa = PBXBuildFile; fileRef = 35F48738175B0F1100E8F4EA /* NSData+Base64.m */; };
		35F4873A175B0F1100E8F4EA /* NSData+Base64.m in Sources */ = {isa = PBXBuildFile; fileRef = 35F48738175B0F1100E8F4EA /* NSData+Base64.m */; };
		35F4873E175B10C500E8F4EA /* NSString+HTML.m in Sources */ = {isa = PBXBuildFile; fileRef = 35F4873D175B10C500E8F4EA /* NSString+HTML.m */; };
		35F4873F175B10C500E8F4EA /* NSString+HTML.m in Sources */ = {isa = PBXBuildFile; fileRef = 35F4873D175B10C500E8F4EA /* NSString+HTML.m */; };
		3F20C06C188F46AA0085BD25 /* SRImageEditorViewController.m in Sources */ = {isa = PBXBuildFile; fileRef = 3F20C06A188F46AA0085BD25 /* SRImageEditorViewController.m */; };
		3F20C06D188F46AA0085BD25 /* SRImageEditorViewController.xib in Resources */ = {isa = PBXBuildFile; fileRef = 3F20C06B188F46AA0085BD25 /* SRImageEditorViewController.xib */; };
		3F2B548B17573D8200DF3193 /* QuartzCore.framework in Frameworks */ = {isa = PBXBuildFile; fileRef = 3F2B548A17573D8200DF3193 /* QuartzCore.framework */; };
		3F2B548D1757434100DF3193 /* MessageUI.framework in Frameworks */ = {isa = PBXBuildFile; fileRef = 3F2B548C1757434100DF3193 /* MessageUI.framework */; };
		3F37881718089CF400F60303 /* SRHTTPClient.m in Sources */ = {isa = PBXBuildFile; fileRef = 3FE19D7917EE4BBA004F64B9 /* SRHTTPClient.m */; };
		3F37881818089D0B00F60303 /* SRCameraRecorder.m in Sources */ = {isa = PBXBuildFile; fileRef = 3FE19CBA17ED2245004F64B9 /* SRCameraRecorder.m */; };
		3F37881918089D0B00F60303 /* SRCGUtils.m in Sources */ = {isa = PBXBuildFile; fileRef = 3FE19CBC17ED2245004F64B9 /* SRCGUtils.m */; };
		3F37881A18089D0B00F60303 /* SRDefines.m in Sources */ = {isa = PBXBuildFile; fileRef = 3FE19CBE17ED2245004F64B9 /* SRDefines.m */; };
		3F37881B18089D0B00F60303 /* SRRecorder.m in Sources */ = {isa = PBXBuildFile; fileRef = 3FE19CC117ED2245004F64B9 /* SRRecorder.m */; };
		3F37881C18089D0B00F60303 /* SRScreenRecorder.m in Sources */ = {isa = PBXBuildFile; fileRef = 3FE19CC317ED2245004F64B9 /* SRScreenRecorder.m */; };
		3F37881D18089D0B00F60303 /* SRUITouch.m in Sources */ = {isa = PBXBuildFile; fileRef = 3FE19CC917ED2245004F64B9 /* SRUITouch.m */; };
		3F37881E18089D0B00F60303 /* SRUIViewRecorder.m in Sources */ = {isa = PBXBuildFile; fileRef = 3FE19CCB17ED2245004F64B9 /* SRUIViewRecorder.m */; };
		3F37881F18089D0B00F60303 /* SRUIWindow.m in Sources */ = {isa = PBXBuildFile; fileRef = 3FE19CCD17ED2245004F64B9 /* SRUIWindow.m */; };
		3F37882018089D0B00F60303 /* SRUtils.m in Sources */ = {isa = PBXBuildFile; fileRef = 3FE19CCF17ED2245004F64B9 /* SRUtils.m */; };
		3F37882118089D0B00F60303 /* SRVideo.m in Sources */ = {isa = PBXBuildFile; fileRef = 3FE19CD117ED2245004F64B9 /* SRVideo.m */; };
		3F37882218089D0B00F60303 /* SRVideoWriter.m in Sources */ = {isa = PBXBuildFile; fileRef = 3FE19CD317ED2245004F64B9 /* SRVideoWriter.m */; };
		3F37882318089D5200F60303 /* CoreVideo.framework in Frameworks */ = {isa = PBXBuildFile; fileRef = 3FEE83AE17E8396D0037A60A /* CoreVideo.framework */; };
		3F37882418089D5700F60303 /* CoreMedia.framework in Frameworks */ = {isa = PBXBuildFile; fileRef = 3FEE83AC17E839670037A60A /* CoreMedia.framework */; };
		3F37882518089D5E00F60303 /* AVFoundation.framework in Frameworks */ = {isa = PBXBuildFile; fileRef = 3FEE83AA17E839620037A60A /* AVFoundation.framework */; };
		3F37882618089D6400F60303 /* AssetsLibrary.framework in Frameworks */ = {isa = PBXBuildFile; fileRef = 3FEE83A817E8395B0037A60A /* AssetsLibrary.framework */; };
		3F37882718089D6B00F60303 /* CFNetwork.framework in Frameworks */ = {isa = PBXBuildFile; fileRef = 3FE19D7317EE3E40004F64B9 /* CFNetwork.framework */; };
		3F37882818089D7100F60303 /* Security.framework in Frameworks */ = {isa = PBXBuildFile; fileRef = 3FEA764517EAFE2A00FF9C5B /* Security.framework */; };
		3F37882918089D7A00F60303 /* MessageUI.framework in Frameworks */ = {isa = PBXBuildFile; fileRef = 3F2B548C1757434100DF3193 /* MessageUI.framework */; };
		3F37882A18089D8000F60303 /* QuartzCore.framework in Frameworks */ = {isa = PBXBuildFile; fileRef = 3F2B548A17573D8200DF3193 /* QuartzCore.framework */; };
		3F37882B18089D8900F60303 /* CoreGraphics.framework in Frameworks */ = {isa = PBXBuildFile; fileRef = 3F5971081757217000971B9B /* CoreGraphics.framework */; };
		3F4F09F91758674F009EA80A /* SRMethodSwizzler.m in Sources */ = {isa = PBXBuildFile; fileRef = 3F4F09F81758674F009EA80A /* SRMethodSwizzler.m */; };
		3F4F09FA1758674F009EA80A /* SRMethodSwizzler.m in Sources */ = {isa = PBXBuildFile; fileRef = 3F4F09F81758674F009EA80A /* SRMethodSwizzler.m */; };
		3F5971051757217000971B9B /* UIKit.framework in Frameworks */ = {isa = PBXBuildFile; fileRef = 3F5971041757217000971B9B /* UIKit.framework */; };
		3F5971071757217000971B9B /* Foundation.framework in Frameworks */ = {isa = PBXBuildFile; fileRef = 3F5971061757217000971B9B /* Foundation.framework */; };
		3F5971091757217000971B9B /* CoreGraphics.framework in Frameworks */ = {isa = PBXBuildFile; fileRef = 3F5971081757217000971B9B /* CoreGraphics.framework */; };
		3F59710F1757217000971B9B /* InfoPlist.strings in Resources */ = {isa = PBXBuildFile; fileRef = 3F59710D1757217000971B9B /* InfoPlist.strings */; };
		3F5971111757217000971B9B /* main.m in Sources */ = {isa = PBXBuildFile; fileRef = 3F5971101757217000971B9B /* main.m */; };
		3F5971151757217000971B9B /* SRAppDelegate.m in Sources */ = {isa = PBXBuildFile; fileRef = 3F5971141757217000971B9B /* SRAppDelegate.m */; };
		3F5971171757217000971B9B /* Default.png in Resources */ = {isa = PBXBuildFile; fileRef = 3F5971161757217000971B9B /* Default.png */; };
		3F5971191757217000971B9B /* Default@2x.png in Resources */ = {isa = PBXBuildFile; fileRef = 3F5971181757217000971B9B /* Default@2x.png */; };
		3F59711B1757217000971B9B /* Default-568h@2x.png in Resources */ = {isa = PBXBuildFile; fileRef = 3F59711A1757217000971B9B /* Default-568h@2x.png */; };
		3F59711E1757217000971B9B /* MainStoryboard.storyboard in Resources */ = {isa = PBXBuildFile; fileRef = 3F59711C1757217000971B9B /* MainStoryboard.storyboard */; };
		3F5971211757217000971B9B /* SRViewController.m in Sources */ = {isa = PBXBuildFile; fileRef = 3F5971201757217000971B9B /* SRViewController.m */; };
		3F5971291757217000971B9B /* SenTestingKit.framework in Frameworks */ = {isa = PBXBuildFile; fileRef = 3F5971281757217000971B9B /* SenTestingKit.framework */; };
		3F59712A1757217000971B9B /* UIKit.framework in Frameworks */ = {isa = PBXBuildFile; fileRef = 3F5971041757217000971B9B /* UIKit.framework */; };
		3F59712B1757217000971B9B /* Foundation.framework in Frameworks */ = {isa = PBXBuildFile; fileRef = 3F5971061757217000971B9B /* Foundation.framework */; };
		3F5971331757217000971B9B /* InfoPlist.strings in Resources */ = {isa = PBXBuildFile; fileRef = 3F5971311757217000971B9B /* InfoPlist.strings */; };
		3F5971361757217000971B9B /* ShakeReportTests.m in Sources */ = {isa = PBXBuildFile; fileRef = 3F5971351757217000971B9B /* ShakeReportTests.m */; };
		3F597142175721DC00971B9B /* SRReporter.m in Sources */ = {isa = PBXBuildFile; fileRef = 3F597141175721DC00971B9B /* SRReporter.m */; };
		3F597143175721DC00971B9B /* SRReporter.m in Sources */ = {isa = PBXBuildFile; fileRef = 3F597141175721DC00971B9B /* SRReporter.m */; };
		3F59714B175725F000971B9B /* UIWindow+SRReporter.m in Sources */ = {isa = PBXBuildFile; fileRef = 3F59714A175725F000971B9B /* UIWindow+SRReporter.m */; };
		3F59714C175725F000971B9B /* UIWindow+SRReporter.m in Sources */ = {isa = PBXBuildFile; fileRef = 3F59714A175725F000971B9B /* UIWindow+SRReporter.m */; };
		3F7BEEC217C8903B004020BD /* SRReportViewController.m in Sources */ = {isa = PBXBuildFile; fileRef = 3F7BEEC017C8903B004020BD /* SRReportViewController.m */; };
		3F7BEEC317C8903B004020BD /* SRReportViewController.xib in Resources */ = {isa = PBXBuildFile; fileRef = 3F7BEEC117C8903B004020BD /* SRReportViewController.xib */; };
		3FE19CD417ED2245004F64B9 /* SRCameraRecorder.m in Sources */ = {isa = PBXBuildFile; fileRef = 3FE19CBA17ED2245004F64B9 /* SRCameraRecorder.m */; };
		3FE19CD517ED2245004F64B9 /* SRCGUtils.m in Sources */ = {isa = PBXBuildFile; fileRef = 3FE19CBC17ED2245004F64B9 /* SRCGUtils.m */; };
		3FE19CD617ED2245004F64B9 /* SRDefines.m in Sources */ = {isa = PBXBuildFile; fileRef = 3FE19CBE17ED2245004F64B9 /* SRDefines.m */; };
		3FE19CD717ED2245004F64B9 /* SRRecorder.m in Sources */ = {isa = PBXBuildFile; fileRef = 3FE19CC117ED2245004F64B9 /* SRRecorder.m */; };
		3FE19CD817ED2245004F64B9 /* SRScreenRecorder.m in Sources */ = {isa = PBXBuildFile; fileRef = 3FE19CC317ED2245004F64B9 /* SRScreenRecorder.m */; };
		3FE19CDB17ED2245004F64B9 /* SRUITouch.m in Sources */ = {isa = PBXBuildFile; fileRef = 3FE19CC917ED2245004F64B9 /* SRUITouch.m */; };
		3FE19CDC17ED2245004F64B9 /* SRUIViewRecorder.m in Sources */ = {isa = PBXBuildFile; fileRef = 3FE19CCB17ED2245004F64B9 /* SRUIViewRecorder.m */; };
		3FE19CDD17ED2245004F64B9 /* SRUIWindow.m in Sources */ = {isa = PBXBuildFile; fileRef = 3FE19CCD17ED2245004F64B9 /* SRUIWindow.m */; };
		3FE19CDE17ED2245004F64B9 /* SRUtils.m in Sources */ = {isa = PBXBuildFile; fileRef = 3FE19CCF17ED2245004F64B9 /* SRUtils.m */; };
		3FE19CDF17ED2245004F64B9 /* SRVideo.m in Sources */ = {isa = PBXBuildFile; fileRef = 3FE19CD117ED2245004F64B9 /* SRVideo.m */; };
		3FE19CE017ED2245004F64B9 /* SRVideoWriter.m in Sources */ = {isa = PBXBuildFile; fileRef = 3FE19CD317ED2245004F64B9 /* SRVideoWriter.m */; };
		3FE19D6E17ED8AAB004F64B9 /* SRModalViewController.m in Sources */ = {isa = PBXBuildFile; fileRef = 3FE19D6D17ED8AAB004F64B9 /* SRModalViewController.m */; };
		3FE19D7417EE3E40004F64B9 /* CFNetwork.framework in Frameworks */ = {isa = PBXBuildFile; fileRef = 3FE19D7317EE3E40004F64B9 /* CFNetwork.framework */; };
		3FE19D7A17EE4BBA004F64B9 /* SRHTTPClient.m in Sources */ = {isa = PBXBuildFile; fileRef = 3FE19D7917EE4BBA004F64B9 /* SRHTTPClient.m */; };
		3FE19D7E17EEDBC0004F64B9 /* SRVideoReporter.m in Sources */ = {isa = PBXBuildFile; fileRef = 3FE19D7D17EEDBC0004F64B9 /* SRVideoReporter.m */; };
		3FE7F93717EBCE8C00DF0EFB /* SRReportLoadingView.m in Sources */ = {isa = PBXBuildFile; fileRef = 3FE7F93617EBCE8C00DF0EFB /* SRReportLoadingView.m */; };
		3FEA764617EAFE2A00FF9C5B /* Security.framework in Frameworks */ = {isa = PBXBuildFile; fileRef = 3FEA764517EAFE2A00FF9C5B /* Security.framework */; };
		3FEE83A917E8395B0037A60A /* AssetsLibrary.framework in Frameworks */ = {isa = PBXBuildFile; fileRef = 3FEE83A817E8395B0037A60A /* AssetsLibrary.framework */; };
		3FEE83AB17E839620037A60A /* AVFoundation.framework in Frameworks */ = {isa = PBXBuildFile; fileRef = 3FEE83AA17E839620037A60A /* AVFoundation.framework */; };
		3FEE83AD17E839670037A60A /* CoreMedia.framework in Frameworks */ = {isa = PBXBuildFile; fileRef = 3FEE83AC17E839670037A60A /* CoreMedia.framework */; };
		3FEE83AF17E8396D0037A60A /* CoreVideo.framework in Frameworks */ = {isa = PBXBuildFile; fileRef = 3FEE83AE17E8396D0037A60A /* CoreVideo.framework */; };
/* End PBXBuildFile section */

/* Begin PBXContainerItemProxy section */
		3F59712C1757217000971B9B /* PBXContainerItemProxy */ = {
			isa = PBXContainerItemProxy;
			containerPortal = 3F5970F91757217000971B9B /* Project object */;
			proxyType = 1;
			remoteGlobalIDString = 3F5971001757217000971B9B;
			remoteInfo = ShakeReport;
		};
/* End PBXContainerItemProxy section */

/* Begin PBXFileReference section */
		35F48737175B0F1100E8F4EA /* NSData+Base64.h */ = {isa = PBXFileReference; fileEncoding = 4; lastKnownFileType = sourcecode.c.h; name = "NSData+Base64.h"; path = "Library/NSData+Base64.h"; sourceTree = "<group>"; };
		35F48738175B0F1100E8F4EA /* NSData+Base64.m */ = {isa = PBXFileReference; fileEncoding = 4; lastKnownFileType = sourcecode.c.objc; name = "NSData+Base64.m"; path = "Library/NSData+Base64.m"; sourceTree = "<group>"; };
		35F4873C175B10C500E8F4EA /* NSString+HTML.h */ = {isa = PBXFileReference; fileEncoding = 4; lastKnownFileType = sourcecode.c.h; name = "NSString+HTML.h"; path = "Library/NSString+HTML.h"; sourceTree = "<group>"; };
		35F4873D175B10C500E8F4EA /* NSString+HTML.m */ = {isa = PBXFileReference; fileEncoding = 4; lastKnownFileType = sourcecode.c.objc; name = "NSString+HTML.m"; path = "Library/NSString+HTML.m"; sourceTree = "<group>"; };
		3F20C069188F46AA0085BD25 /* SRImageEditorViewController.h */ = {isa = PBXFileReference; fileEncoding = 4; lastKnownFileType = sourcecode.c.h; name = SRImageEditorViewController.h; path = Library/SRImageEditorViewController.h; sourceTree = "<group>"; };
		3F20C06A188F46AA0085BD25 /* SRImageEditorViewController.m */ = {isa = PBXFileReference; fileEncoding = 4; lastKnownFileType = sourcecode.c.objc; name = SRImageEditorViewController.m; path = Library/SRImageEditorViewController.m; sourceTree = "<group>"; };
		3F20C06B188F46AA0085BD25 /* SRImageEditorViewController.xib */ = {isa = PBXFileReference; fileEncoding = 4; lastKnownFileType = file.xib; name = SRImageEditorViewController.xib; path = Library/SRImageEditorViewController.xib; sourceTree = "<group>"; };
		3F2B548A17573D8200DF3193 /* QuartzCore.framework */ = {isa = PBXFileReference; lastKnownFileType = wrapper.framework; name = QuartzCore.framework; path = System/Library/Frameworks/QuartzCore.framework; sourceTree = SDKROOT; };
		3F2B548C1757434100DF3193 /* MessageUI.framework */ = {isa = PBXFileReference; lastKnownFileType = wrapper.framework; name = MessageUI.framework; path = System/Library/Frameworks/MessageUI.framework; sourceTree = SDKROOT; };
		3F4F09F71758674F009EA80A /* SRMethodSwizzler.h */ = {isa = PBXFileReference; fileEncoding = 4; lastKnownFileType = sourcecode.c.h; name = SRMethodSwizzler.h; path = Library/SRMethodSwizzler.h; sourceTree = "<group>"; };
		3F4F09F81758674F009EA80A /* SRMethodSwizzler.m */ = {isa = PBXFileReference; fileEncoding = 4; lastKnownFileType = sourcecode.c.objc; name = SRMethodSwizzler.m; path = Library/SRMethodSwizzler.m; sourceTree = "<group>"; };
		3F5971011757217000971B9B /* ShakeReport.app */ = {isa = PBXFileReference; explicitFileType = wrapper.application; includeInIndex = 0; path = ShakeReport.app; sourceTree = BUILT_PRODUCTS_DIR; };
		3F5971041757217000971B9B /* UIKit.framework */ = {isa = PBXFileReference; lastKnownFileType = wrapper.framework; name = UIKit.framework; path = System/Library/Frameworks/UIKit.framework; sourceTree = SDKROOT; };
		3F5971061757217000971B9B /* Foundation.framework */ = {isa = PBXFileReference; lastKnownFileType = wrapper.framework; name = Foundation.framework; path = System/Library/Frameworks/Foundation.framework; sourceTree = SDKROOT; };
		3F5971081757217000971B9B /* CoreGraphics.framework */ = {isa = PBXFileReference; lastKnownFileType = wrapper.framework; name = CoreGraphics.framework; path = System/Library/Frameworks/CoreGraphics.framework; sourceTree = SDKROOT; };
		3F59710C1757217000971B9B /* ShakeReport-Info.plist */ = {isa = PBXFileReference; lastKnownFileType = text.plist.xml; path = "ShakeReport-Info.plist"; sourceTree = "<group>"; };
		3F59710E1757217000971B9B /* en */ = {isa = PBXFileReference; lastKnownFileType = text.plist.strings; name = en; path = en.lproj/InfoPlist.strings; sourceTree = "<group>"; };
		3F5971101757217000971B9B /* main.m */ = {isa = PBXFileReference; lastKnownFileType = sourcecode.c.objc; path = main.m; sourceTree = "<group>"; };
		3F5971121757217000971B9B /* ShakeReport-Prefix.pch */ = {isa = PBXFileReference; lastKnownFileType = sourcecode.c.h; path = "ShakeReport-Prefix.pch"; sourceTree = "<group>"; };
		3F5971131757217000971B9B /* SRAppDelegate.h */ = {isa = PBXFileReference; lastKnownFileType = sourcecode.c.h; path = SRAppDelegate.h; sourceTree = "<group>"; };
		3F5971141757217000971B9B /* SRAppDelegate.m */ = {isa = PBXFileReference; lastKnownFileType = sourcecode.c.objc; path = SRAppDelegate.m; sourceTree = "<group>"; };
		3F5971161757217000971B9B /* Default.png */ = {isa = PBXFileReference; lastKnownFileType = image.png; path = Default.png; sourceTree = "<group>"; };
		3F5971181757217000971B9B /* Default@2x.png */ = {isa = PBXFileReference; lastKnownFileType = image.png; path = "Default@2x.png"; sourceTree = "<group>"; };
		3F59711A1757217000971B9B /* Default-568h@2x.png */ = {isa = PBXFileReference; lastKnownFileType = image.png; path = "Default-568h@2x.png"; sourceTree = "<group>"; };
		3F59711D1757217000971B9B /* en */ = {isa = PBXFileReference; lastKnownFileType = file.storyboard; name = en; path = en.lproj/MainStoryboard.storyboard; sourceTree = "<group>"; };
		3F59711F1757217000971B9B /* SRViewController.h */ = {isa = PBXFileReference; lastKnownFileType = sourcecode.c.h; path = SRViewController.h; sourceTree = "<group>"; };
		3F5971201757217000971B9B /* SRViewController.m */ = {isa = PBXFileReference; lastKnownFileType = sourcecode.c.objc; path = SRViewController.m; sourceTree = "<group>"; };
		3F5971271757217000971B9B /* ShakeReportTests.octest */ = {isa = PBXFileReference; explicitFileType = wrapper.cfbundle; includeInIndex = 0; path = ShakeReportTests.octest; sourceTree = BUILT_PRODUCTS_DIR; };
		3F5971281757217000971B9B /* SenTestingKit.framework */ = {isa = PBXFileReference; lastKnownFileType = wrapper.framework; name = SenTestingKit.framework; path = Library/Frameworks/SenTestingKit.framework; sourceTree = DEVELOPER_DIR; };
		3F5971301757217000971B9B /* ShakeReportTests-Info.plist */ = {isa = PBXFileReference; lastKnownFileType = text.plist.xml; path = "ShakeReportTests-Info.plist"; sourceTree = "<group>"; };
		3F5971321757217000971B9B /* en */ = {isa = PBXFileReference; lastKnownFileType = text.plist.strings; name = en; path = en.lproj/InfoPlist.strings; sourceTree = "<group>"; };
		3F5971341757217000971B9B /* ShakeReportTests.h */ = {isa = PBXFileReference; lastKnownFileType = sourcecode.c.h; path = ShakeReportTests.h; sourceTree = "<group>"; };
		3F5971351757217000971B9B /* ShakeReportTests.m */ = {isa = PBXFileReference; lastKnownFileType = sourcecode.c.objc; path = ShakeReportTests.m; sourceTree = "<group>"; };
		3F597140175721DC00971B9B /* SRReporter.h */ = {isa = PBXFileReference; fileEncoding = 4; lastKnownFileType = sourcecode.c.h; name = SRReporter.h; path = Library/SRReporter.h; sourceTree = "<group>"; };
		3F597141175721DC00971B9B /* SRReporter.m */ = {isa = PBXFileReference; fileEncoding = 4; lastKnownFileType = sourcecode.c.objc; name = SRReporter.m; path = Library/SRReporter.m; sourceTree = "<group>"; };
		3F597149175725F000971B9B /* UIWindow+SRReporter.h */ = {isa = PBXFileReference; fileEncoding = 4; lastKnownFileType = sourcecode.c.h; name = "UIWindow+SRReporter.h"; path = "Library/UIWindow+SRReporter.h"; sourceTree = "<group>"; };
		3F59714A175725F000971B9B /* UIWindow+SRReporter.m */ = {isa = PBXFileReference; fileEncoding = 4; lastKnownFileType = sourcecode.c.objc; name = "UIWindow+SRReporter.m"; path = "Library/UIWindow+SRReporter.m"; sourceTree = "<group>"; };
		3F7BEEBF17C8903B004020BD /* SRReportViewController.h */ = {isa = PBXFileReference; fileEncoding = 4; lastKnownFileType = sourcecode.c.h; name = SRReportViewController.h; path = Library/SRReportViewController.h; sourceTree = "<group>"; };
		3F7BEEC017C8903B004020BD /* SRReportViewController.m */ = {isa = PBXFileReference; fileEncoding = 4; lastKnownFileType = sourcecode.c.objc; name = SRReportViewController.m; path = Library/SRReportViewController.m; sourceTree = "<group>"; };
		3F7BEEC117C8903B004020BD /* SRReportViewController.xib */ = {isa = PBXFileReference; fileEncoding = 4; lastKnownFileType = file.xib; name = SRReportViewController.xib; path = Library/SRReportViewController.xib; sourceTree = "<group>"; };
		3FE19CB817ED2245004F64B9 /* CaptureRecord.h */ = {isa = PBXFileReference; fileEncoding = 4; lastKnownFileType = sourcecode.c.h; path = CaptureRecord.h; sourceTree = "<group>"; };
		3FE19CB917ED2245004F64B9 /* SRCameraRecorder.h */ = {isa = PBXFileReference; fileEncoding = 4; lastKnownFileType = sourcecode.c.h; path = SRCameraRecorder.h; sourceTree = "<group>"; };
		3FE19CBA17ED2245004F64B9 /* SRCameraRecorder.m */ = {isa = PBXFileReference; fileEncoding = 4; lastKnownFileType = sourcecode.c.objc; path = SRCameraRecorder.m; sourceTree = "<group>"; };
		3FE19CBB17ED2245004F64B9 /* SRCGUtils.h */ = {isa = PBXFileReference; fileEncoding = 4; lastKnownFileType = sourcecode.c.h; path = SRCGUtils.h; sourceTree = "<group>"; };
		3FE19CBC17ED2245004F64B9 /* SRCGUtils.m */ = {isa = PBXFileReference; fileEncoding = 4; lastKnownFileType = sourcecode.c.objc; path = SRCGUtils.m; sourceTree = "<group>"; };
		3FE19CBD17ED2245004F64B9 /* SRDefines.h */ = {isa = PBXFileReference; fileEncoding = 4; lastKnownFileType = sourcecode.c.h; path = SRDefines.h; sourceTree = "<group>"; };
		3FE19CBE17ED2245004F64B9 /* SRDefines.m */ = {isa = PBXFileReference; fileEncoding = 4; lastKnownFileType = sourcecode.c.objc; path = SRDefines.m; sourceTree = "<group>"; };
		3FE19CBF17ED2245004F64B9 /* SRRecordable.h */ = {isa = PBXFileReference; fileEncoding = 4; lastKnownFileType = sourcecode.c.h; path = SRRecordable.h; sourceTree = "<group>"; };
		3FE19CC017ED2245004F64B9 /* SRRecorder.h */ = {isa = PBXFileReference; fileEncoding = 4; lastKnownFileType = sourcecode.c.h; path = SRRecorder.h; sourceTree = "<group>"; };
		3FE19CC117ED2245004F64B9 /* SRRecorder.m */ = {isa = PBXFileReference; fileEncoding = 4; lastKnownFileType = sourcecode.c.objc; path = SRRecorder.m; sourceTree = "<group>"; };
		3FE19CC217ED2245004F64B9 /* SRScreenRecorder.h */ = {isa = PBXFileReference; fileEncoding = 4; lastKnownFileType = sourcecode.c.h; path = SRScreenRecorder.h; sourceTree = "<group>"; };
		3FE19CC317ED2245004F64B9 /* SRScreenRecorder.m */ = {isa = PBXFileReference; fileEncoding = 4; lastKnownFileType = sourcecode.c.objc; path = SRScreenRecorder.m; sourceTree = "<group>"; };
		3FE19CC817ED2245004F64B9 /* SRUITouch.h */ = {isa = PBXFileReference; fileEncoding = 4; lastKnownFileType = sourcecode.c.h; path = SRUITouch.h; sourceTree = "<group>"; };
		3FE19CC917ED2245004F64B9 /* SRUITouch.m */ = {isa = PBXFileReference; fileEncoding = 4; lastKnownFileType = sourcecode.c.objc; path = SRUITouch.m; sourceTree = "<group>"; };
		3FE19CCA17ED2245004F64B9 /* SRUIViewRecorder.h */ = {isa = PBXFileReference; fileEncoding = 4; lastKnownFileType = sourcecode.c.h; path = SRUIViewRecorder.h; sourceTree = "<group>"; };
		3FE19CCB17ED2245004F64B9 /* SRUIViewRecorder.m */ = {isa = PBXFileReference; fileEncoding = 4; lastKnownFileType = sourcecode.c.objc; path = SRUIViewRecorder.m; sourceTree = "<group>"; };
		3FE19CCC17ED2245004F64B9 /* SRUIWindow.h */ = {isa = PBXFileReference; fileEncoding = 4; lastKnownFileType = sourcecode.c.h; path = SRUIWindow.h; sourceTree = "<group>"; };
		3FE19CCD17ED2245004F64B9 /* SRUIWindow.m */ = {isa = PBXFileReference; fileEncoding = 4; lastKnownFileType = sourcecode.c.objc; path = SRUIWindow.m; sourceTree = "<group>"; };
		3FE19CCE17ED2245004F64B9 /* SRUtils.h */ = {isa = PBXFileReference; fileEncoding = 4; lastKnownFileType = sourcecode.c.h; path = SRUtils.h; sourceTree = "<group>"; };
		3FE19CCF17ED2245004F64B9 /* SRUtils.m */ = {isa = PBXFileReference; fileEncoding = 4; lastKnownFileType = sourcecode.c.objc; path = SRUtils.m; sourceTree = "<group>"; };
		3FE19CD017ED2245004F64B9 /* SRVideo.h */ = {isa = PBXFileReference; fileEncoding = 4; lastKnownFileType = sourcecode.c.h; path = SRVideo.h; sourceTree = "<group>"; };
		3FE19CD117ED2245004F64B9 /* SRVideo.m */ = {isa = PBXFileReference; fileEncoding = 4; lastKnownFileType = sourcecode.c.objc; path = SRVideo.m; sourceTree = "<group>"; };
		3FE19CD217ED2245004F64B9 /* SRVideoWriter.h */ = {isa = PBXFileReference; fileEncoding = 4; lastKnownFileType = sourcecode.c.h; path = SRVideoWriter.h; sourceTree = "<group>"; };
		3FE19CD317ED2245004F64B9 /* SRVideoWriter.m */ = {isa = PBXFileReference; fileEncoding = 4; lastKnownFileType = sourcecode.c.objc; path = SRVideoWriter.m; sourceTree = "<group>"; };
		3FE19D6C17ED8AAB004F64B9 /* SRModalViewController.h */ = {isa = PBXFileReference; fileEncoding = 4; lastKnownFileType = sourcecode.c.h; path = SRModalViewController.h; sourceTree = "<group>"; };
		3FE19D6D17ED8AAB004F64B9 /* SRModalViewController.m */ = {isa = PBXFileReference; fileEncoding = 4; lastKnownFileType = sourcecode.c.objc; path = SRModalViewController.m; sourceTree = "<group>"; };
		3FE19D7317EE3E40004F64B9 /* CFNetwork.framework */ = {isa = PBXFileReference; lastKnownFileType = wrapper.framework; name = CFNetwork.framework; path = System/Library/Frameworks/CFNetwork.framework; sourceTree = SDKROOT; };
		3FE19D7817EE4BBA004F64B9 /* SRHTTPClient.h */ = {isa = PBXFileReference; fileEncoding = 4; lastKnownFileType = sourcecode.c.h; name = SRHTTPClient.h; path = Library/SRHTTPClient.h; sourceTree = "<group>"; };
		3FE19D7917EE4BBA004F64B9 /* SRHTTPClient.m */ = {isa = PBXFileReference; fileEncoding = 4; lastKnownFileType = sourcecode.c.objc; name = SRHTTPClient.m; path = Library/SRHTTPClient.m; sourceTree = "<group>"; };
		3FE19D7C17EEDBC0004F64B9 /* SRVideoReporter.h */ = {isa = PBXFileReference; fileEncoding = 4; lastKnownFileType = sourcecode.c.h; name = SRVideoReporter.h; path = Library/SRVideoReporter.h; sourceTree = "<group>"; };
		3FE19D7D17EEDBC0004F64B9 /* SRVideoReporter.m */ = {isa = PBXFileReference; fileEncoding = 4; lastKnownFileType = sourcecode.c.objc; name = SRVideoReporter.m; path = Library/SRVideoReporter.m; sourceTree = "<group>"; };
		3FE7F93517EBCE8C00DF0EFB /* SRReportLoadingView.h */ = {isa = PBXFileReference; fileEncoding = 4; lastKnownFileType = sourcecode.c.h; name = SRReportLoadingView.h; path = Library/SRReportLoadingView.h; sourceTree = "<group>"; };
		3FE7F93617EBCE8C00DF0EFB /* SRReportLoadingView.m */ = {isa = PBXFileReference; fileEncoding = 4; lastKnownFileType = sourcecode.c.objc; name = SRReportLoadingView.m; path = Library/SRReportLoadingView.m; sourceTree = "<group>"; };
		3FEA764517EAFE2A00FF9C5B /* Security.framework */ = {isa = PBXFileReference; lastKnownFileType = wrapper.framework; name = Security.framework; path = System/Library/Frameworks/Security.framework; sourceTree = SDKROOT; };
		3FEE83A817E8395B0037A60A /* AssetsLibrary.framework */ = {isa = PBXFileReference; lastKnownFileType = wrapper.framework; name = AssetsLibrary.framework; path = System/Library/Frameworks/AssetsLibrary.framework; sourceTree = SDKROOT; };
		3FEE83AA17E839620037A60A /* AVFoundation.framework */ = {isa = PBXFileReference; lastKnownFileType = wrapper.framework; name = AVFoundation.framework; path = System/Library/Frameworks/AVFoundation.framework; sourceTree = SDKROOT; };
		3FEE83AC17E839670037A60A /* CoreMedia.framework */ = {isa = PBXFileReference; lastKnownFileType = wrapper.framework; name = CoreMedia.framework; path = System/Library/Frameworks/CoreMedia.framework; sourceTree = SDKROOT; };
		3FEE83AE17E8396D0037A60A /* CoreVideo.framework */ = {isa = PBXFileReference; lastKnownFileType = wrapper.framework; name = CoreVideo.framework; path = System/Library/Frameworks/CoreVideo.framework; sourceTree = SDKROOT; };
/* End PBXFileReference section */

/* Begin PBXFrameworksBuildPhase section */
		3F5970FE1757217000971B9B /* Frameworks */ = {
			isa = PBXFrameworksBuildPhase;
			buildActionMask = 2147483647;
			files = (
				3FE19D7417EE3E40004F64B9 /* CFNetwork.framework in Frameworks */,
				3FEA764617EAFE2A00FF9C5B /* Security.framework in Frameworks */,
				3FEE83AF17E8396D0037A60A /* CoreVideo.framework in Frameworks */,
				3FEE83AD17E839670037A60A /* CoreMedia.framework in Frameworks */,
				3FEE83AB17E839620037A60A /* AVFoundation.framework in Frameworks */,
				3FEE83A917E8395B0037A60A /* AssetsLibrary.framework in Frameworks */,
				3F2B548D1757434100DF3193 /* MessageUI.framework in Frameworks */,
				3F2B548B17573D8200DF3193 /* QuartzCore.framework in Frameworks */,
				3F5971051757217000971B9B /* UIKit.framework in Frameworks */,
				3F5971071757217000971B9B /* Foundation.framework in Frameworks */,
				3F5971091757217000971B9B /* CoreGraphics.framework in Frameworks */,
			);
			runOnlyForDeploymentPostprocessing = 0;
		};
		3F5971231757217000971B9B /* Frameworks */ = {
			isa = PBXFrameworksBuildPhase;
			buildActionMask = 2147483647;
			files = (
				3F37882B18089D8900F60303 /* CoreGraphics.framework in Frameworks */,
				3F37882A18089D8000F60303 /* QuartzCore.framework in Frameworks */,
				3F37882918089D7A00F60303 /* MessageUI.framework in Frameworks */,
				3F37882818089D7100F60303 /* Security.framework in Frameworks */,
				3F37882718089D6B00F60303 /* CFNetwork.framework in Frameworks */,
				3F37882618089D6400F60303 /* AssetsLibrary.framework in Frameworks */,
				3F37882518089D5E00F60303 /* AVFoundation.framework in Frameworks */,
				3F37882418089D5700F60303 /* CoreMedia.framework in Frameworks */,
				3F37882318089D5200F60303 /* CoreVideo.framework in Frameworks */,
				3F5971291757217000971B9B /* SenTestingKit.framework in Frameworks */,
				3F59712A1757217000971B9B /* UIKit.framework in Frameworks */,
				3F59712B1757217000971B9B /* Foundation.framework in Frameworks */,
			);
			runOnlyForDeploymentPostprocessing = 0;
		};
/* End PBXFrameworksBuildPhase section */

/* Begin PBXGroup section */
		35477F6A175DCB5F0069D3AC /* dependencies */ = {
			isa = PBXGroup;
			children = (
			);
			name = dependencies;
			sourceTree = "<group>";
		};
		35F4873B175B10AB00E8F4EA /* helper */ = {
			isa = PBXGroup;
			children = (
				35F48737175B0F1100E8F4EA /* NSData+Base64.h */,
				35F48738175B0F1100E8F4EA /* NSData+Base64.m */,
				35F4873C175B10C500E8F4EA /* NSString+HTML.h */,
				35F4873D175B10C500E8F4EA /* NSString+HTML.m */,
			);
			name = helper;
			sourceTree = "<group>";
		};
		3F20C06E188F4CB40085BD25 /* composer */ = {
			isa = PBXGroup;
			children = (
				3F7BEEBF17C8903B004020BD /* SRReportViewController.h */,
				3F7BEEC017C8903B004020BD /* SRReportViewController.m */,
				3F7BEEC117C8903B004020BD /* SRReportViewController.xib */,
				3F20C069188F46AA0085BD25 /* SRImageEditorViewController.h */,
				3F20C06A188F46AA0085BD25 /* SRImageEditorViewController.m */,
				3F20C06B188F46AA0085BD25 /* SRImageEditorViewController.xib */,
			);
			name = composer;
			sourceTree = "<group>";
		};
		3F5970F81757217000971B9B = {
			isa = PBXGroup;
			children = (
				3FEE83AE17E8396D0037A60A /* CoreVideo.framework */,
				3FEE83AC17E839670037A60A /* CoreMedia.framework */,
				3FEE83AA17E839620037A60A /* AVFoundation.framework */,
				3FEE83A817E8395B0037A60A /* AssetsLibrary.framework */,
				3F59710A1757217000971B9B /* ShakeReport */,
				3F59712E1757217000971B9B /* ShakeReportTests */,
				3F5971031757217000971B9B /* Frameworks */,
				3F5971021757217000971B9B /* Products */,
			);
			sourceTree = "<group>";
		};
		3F5971021757217000971B9B /* Products */ = {
			isa = PBXGroup;
			children = (
				3F5971011757217000971B9B /* ShakeReport.app */,
				3F5971271757217000971B9B /* ShakeReportTests.octest */,
			);
			name = Products;
			sourceTree = "<group>";
		};
		3F5971031757217000971B9B /* Frameworks */ = {
			isa = PBXGroup;
			children = (
				3FE19D7317EE3E40004F64B9 /* CFNetwork.framework */,
				3FEA764517EAFE2A00FF9C5B /* Security.framework */,
				3F2B548C1757434100DF3193 /* MessageUI.framework */,
				3F2B548A17573D8200DF3193 /* QuartzCore.framework */,
				3F5971041757217000971B9B /* UIKit.framework */,
				3F5971061757217000971B9B /* Foundation.framework */,
				3F5971081757217000971B9B /* CoreGraphics.framework */,
				3F5971281757217000971B9B /* SenTestingKit.framework */,
			);
			name = Frameworks;
			sourceTree = "<group>";
		};
		3F59710A1757217000971B9B /* ShakeReport */ = {
			isa = PBXGroup;
			children = (
				35477F6A175DCB5F0069D3AC /* dependencies */,
				3F59713F175721B800971B9B /* library */,
				3F5971131757217000971B9B /* SRAppDelegate.h */,
				3F5971141757217000971B9B /* SRAppDelegate.m */,
				3F59711C1757217000971B9B /* MainStoryboard.storyboard */,
				3F59711F1757217000971B9B /* SRViewController.h */,
				3F5971201757217000971B9B /* SRViewController.m */,
				3FE19D6C17ED8AAB004F64B9 /* SRModalViewController.h */,
				3FE19D6D17ED8AAB004F64B9 /* SRModalViewController.m */,
				3F59710B1757217000971B9B /* Supporting Files */,
			);
			path = ShakeReport;
			sourceTree = "<group>";
		};
		3F59710B1757217000971B9B /* Supporting Files */ = {
			isa = PBXGroup;
			children = (
				3F59710C1757217000971B9B /* ShakeReport-Info.plist */,
				3F59710D1757217000971B9B /* InfoPlist.strings */,
				3F5971101757217000971B9B /* main.m */,
				3F5971121757217000971B9B /* ShakeReport-Prefix.pch */,
				3F5971161757217000971B9B /* Default.png */,
				3F5971181757217000971B9B /* Default@2x.png */,
				3F59711A1757217000971B9B /* Default-568h@2x.png */,
			);
			name = "Supporting Files";
			sourceTree = "<group>";
		};
		3F59712E1757217000971B9B /* ShakeReportTests */ = {
			isa = PBXGroup;
			children = (
				3F5971341757217000971B9B /* ShakeReportTests.h */,
				3F5971351757217000971B9B /* ShakeReportTests.m */,
				3F59712F1757217000971B9B /* Supporting Files */,
			);
			path = ShakeReportTests;
			sourceTree = "<group>";
		};
		3F59712F1757217000971B9B /* Supporting Files */ = {
			isa = PBXGroup;
			children = (
				3F5971301757217000971B9B /* ShakeReportTests-Info.plist */,
				3F5971311757217000971B9B /* InfoPlist.strings */,
			);
			name = "Supporting Files";
			sourceTree = "<group>";
		};
		3F59713F175721B800971B9B /* library */ = {
			isa = PBXGroup;
			children = (
				3F20C06E188F4CB40085BD25 /* composer */,
				3FE19D7B17EE4BC2004F64B9 /* http */,
				3FE19CB717ED2245004F64B9 /* Screen Record */,
				35F4873B175B10AB00E8F4EA /* helper */,
				3F597144175723E600971B9B /* Swizzler */,
				3F597140175721DC00971B9B /* SRReporter.h */,
				3F597141175721DC00971B9B /* SRReporter.m */,
				3FE19D7C17EEDBC0004F64B9 /* SRVideoReporter.h */,
				3FE19D7D17EEDBC0004F64B9 /* SRVideoReporter.m */,
				3F597149175725F000971B9B /* UIWindow+SRReporter.h */,
				3F59714A175725F000971B9B /* UIWindow+SRReporter.m */,
				3FE7F93517EBCE8C00DF0EFB /* SRReportLoadingView.h */,
				3FE7F93617EBCE8C00DF0EFB /* SRReportLoadingView.m */,
			);
			name = library;
			sourceTree = "<group>";
		};
		3F597144175723E600971B9B /* Swizzler */ = {
			isa = PBXGroup;
			children = (
				3F4F09F71758674F009EA80A /* SRMethodSwizzler.h */,
				3F4F09F81758674F009EA80A /* SRMethodSwizzler.m */,
			);
			name = Swizzler;
			sourceTree = "<group>";
		};
		3FE19CB717ED2245004F64B9 /* Screen Record */ = {
			isa = PBXGroup;
			children = (
				3FE19CB817ED2245004F64B9 /* CaptureRecord.h */,
				3FE19CB917ED2245004F64B9 /* SRCameraRecorder.h */,
				3FE19CBA17ED2245004F64B9 /* SRCameraRecorder.m */,
				3FE19CBB17ED2245004F64B9 /* SRCGUtils.h */,
				3FE19CBC17ED2245004F64B9 /* SRCGUtils.m */,
				3FE19CBD17ED2245004F64B9 /* SRDefines.h */,
				3FE19CBE17ED2245004F64B9 /* SRDefines.m */,
				3FE19CBF17ED2245004F64B9 /* SRRecordable.h */,
				3FE19CC017ED2245004F64B9 /* SRRecorder.h */,
				3FE19CC117ED2245004F64B9 /* SRRecorder.m */,
				3FE19CC217ED2245004F64B9 /* SRScreenRecorder.h */,
				3FE19CC317ED2245004F64B9 /* SRScreenRecorder.m */,
				3FE19CC817ED2245004F64B9 /* SRUITouch.h */,
				3FE19CC917ED2245004F64B9 /* SRUITouch.m */,
				3FE19CCA17ED2245004F64B9 /* SRUIViewRecorder.h */,
				3FE19CCB17ED2245004F64B9 /* SRUIViewRecorder.m */,
				3FE19CCC17ED2245004F64B9 /* SRUIWindow.h */,
				3FE19CCD17ED2245004F64B9 /* SRUIWindow.m */,
				3FE19CCE17ED2245004F64B9 /* SRUtils.h */,
				3FE19CCF17ED2245004F64B9 /* SRUtils.m */,
				3FE19CD017ED2245004F64B9 /* SRVideo.h */,
				3FE19CD117ED2245004F64B9 /* SRVideo.m */,
				3FE19CD217ED2245004F64B9 /* SRVideoWriter.h */,
				3FE19CD317ED2245004F64B9 /* SRVideoWriter.m */,
			);
			name = "Screen Record";
			path = "Library/Screen Record";
			sourceTree = "<group>";
		};
		3FE19D7B17EE4BC2004F64B9 /* http */ = {
			isa = PBXGroup;
			children = (
				3FE19D7817EE4BBA004F64B9 /* SRHTTPClient.h */,
				3FE19D7917EE4BBA004F64B9 /* SRHTTPClient.m */,
			);
			name = http;
			sourceTree = "<group>";
		};
/* End PBXGroup section */

/* Begin PBXNativeTarget section */
		3F5971001757217000971B9B /* ShakeReport */ = {
			isa = PBXNativeTarget;
			buildConfigurationList = 3F5971391757217000971B9B /* Build configuration list for PBXNativeTarget "ShakeReport" */;
			buildPhases = (
				3F5970FD1757217000971B9B /* Sources */,
				3F5970FE1757217000971B9B /* Frameworks */,
				3F5970FF1757217000971B9B /* Resources */,
			);
			buildRules = (
			);
			dependencies = (
			);
			name = ShakeReport;
			productName = ShakeReport;
			productReference = 3F5971011757217000971B9B /* ShakeReport.app */;
			productType = "com.apple.product-type.application";
		};
		3F5971261757217000971B9B /* ShakeReportTests */ = {
			isa = PBXNativeTarget;
			buildConfigurationList = 3F59713C1757217000971B9B /* Build configuration list for PBXNativeTarget "ShakeReportTests" */;
			buildPhases = (
				3F5971221757217000971B9B /* Sources */,
				3F5971231757217000971B9B /* Frameworks */,
				3F5971241757217000971B9B /* Resources */,
				3F5971251757217000971B9B /* ShellScript */,
			);
			buildRules = (
			);
			dependencies = (
				3F59712D1757217000971B9B /* PBXTargetDependency */,
			);
			name = ShakeReportTests;
			productName = ShakeReportTests;
			productReference = 3F5971271757217000971B9B /* ShakeReportTests.octest */;
			productType = "com.apple.product-type.bundle";
		};
/* End PBXNativeTarget section */

/* Begin PBXProject section */
		3F5970F91757217000971B9B /* Project object */ = {
			isa = PBXProject;
			attributes = {
				CLASSPREFIX = SR;
				LastUpgradeCheck = 0460;
				ORGANIZATIONNAME = Jayztemplier;
			};
			buildConfigurationList = 3F5970FC1757217000971B9B /* Build configuration list for PBXProject "ShakeReport" */;
			compatibilityVersion = "Xcode 3.2";
			developmentRegion = English;
			hasScannedForEncodings = 0;
			knownRegions = (
				en,
			);
			mainGroup = 3F5970F81757217000971B9B;
			productRefGroup = 3F5971021757217000971B9B /* Products */;
			projectDirPath = "";
			projectRoot = "";
			targets = (
				3F5971001757217000971B9B /* ShakeReport */,
				3F5971261757217000971B9B /* ShakeReportTests */,
			);
		};
/* End PBXProject section */

/* Begin PBXResourcesBuildPhase section */
		3F5970FF1757217000971B9B /* Resources */ = {
			isa = PBXResourcesBuildPhase;
			buildActionMask = 2147483647;
			files = (
				3F59710F1757217000971B9B /* InfoPlist.strings in Resources */,
				3F5971171757217000971B9B /* Default.png in Resources */,
				3F5971191757217000971B9B /* Default@2x.png in Resources */,
				3F20C06D188F46AA0085BD25 /* SRImageEditorViewController.xib in Resources */,
				3F59711B1757217000971B9B /* Default-568h@2x.png in Resources */,
				3F59711E1757217000971B9B /* MainStoryboard.storyboard in Resources */,
				3F7BEEC317C8903B004020BD /* SRReportViewController.xib in Resources */,
			);
			runOnlyForDeploymentPostprocessing = 0;
		};
		3F5971241757217000971B9B /* Resources */ = {
			isa = PBXResourcesBuildPhase;
			buildActionMask = 2147483647;
			files = (
				3F5971331757217000971B9B /* InfoPlist.strings in Resources */,
			);
			runOnlyForDeploymentPostprocessing = 0;
		};
/* End PBXResourcesBuildPhase section */

/* Begin PBXShellScriptBuildPhase section */
		3F5971251757217000971B9B /* ShellScript */ = {
			isa = PBXShellScriptBuildPhase;
			buildActionMask = 2147483647;
			files = (
			);
			inputPaths = (
			);
			outputPaths = (
			);
			runOnlyForDeploymentPostprocessing = 0;
			shellPath = /bin/sh;
			shellScript = "# Run the unit tests in this test bundle.\n\"${SYSTEM_DEVELOPER_DIR}/Tools/RunUnitTests\"\n";
		};
/* End PBXShellScriptBuildPhase section */

/* Begin PBXSourcesBuildPhase section */
		3F5970FD1757217000971B9B /* Sources */ = {
			isa = PBXSourcesBuildPhase;
			buildActionMask = 2147483647;
			files = (
				3F5971111757217000971B9B /* main.m in Sources */,
				3FE19CD717ED2245004F64B9 /* SRRecorder.m in Sources */,
				3FE19D6E17ED8AAB004F64B9 /* SRModalViewController.m in Sources */,
				3F5971151757217000971B9B /* SRAppDelegate.m in Sources */,
				3F5971211757217000971B9B /* SRViewController.m in Sources */,
				3F597142175721DC00971B9B /* SRReporter.m in Sources */,
				3F59714B175725F000971B9B /* UIWindow+SRReporter.m in Sources */,
				3FE19D7E17EEDBC0004F64B9 /* SRVideoReporter.m in Sources */,
				3FE19CDB17ED2245004F64B9 /* SRUITouch.m in Sources */,
				3FE19CD417ED2245004F64B9 /* SRCameraRecorder.m in Sources */,
				3FE19CD617ED2245004F64B9 /* SRDefines.m in Sources */,
				3FE19CDD17ED2245004F64B9 /* SRUIWindow.m in Sources */,
				3FE19CDF17ED2245004F64B9 /* SRVideo.m in Sources */,
				3F4F09F91758674F009EA80A /* SRMethodSwizzler.m in Sources */,
				3FE19D7A17EE4BBA004F64B9 /* SRHTTPClient.m in Sources */,
				3F20C06C188F46AA0085BD25 /* SRImageEditorViewController.m in Sources */,
				35F48739175B0F1100E8F4EA /* NSData+Base64.m in Sources */,
				3FE19CD517ED2245004F64B9 /* SRCGUtils.m in Sources */,
				3FE19CD817ED2245004F64B9 /* SRScreenRecorder.m in Sources */,
				35F4873E175B10C500E8F4EA /* NSString+HTML.m in Sources */,
				3FE19CDE17ED2245004F64B9 /* SRUtils.m in Sources */,
				3FE19CDC17ED2245004F64B9 /* SRUIViewRecorder.m in Sources */,
				3FE19CE017ED2245004F64B9 /* SRVideoWriter.m in Sources */,
				3FE7F93717EBCE8C00DF0EFB /* SRReportLoadingView.m in Sources */,
				3F7BEEC217C8903B004020BD /* SRReportViewController.m in Sources */,
			);
			runOnlyForDeploymentPostprocessing = 0;
		};
		3F5971221757217000971B9B /* Sources */ = {
			isa = PBXSourcesBuildPhase;
			buildActionMask = 2147483647;
			files = (
				3F37881D18089D0B00F60303 /* SRUITouch.m in Sources */,
				3F37881918089D0B00F60303 /* SRCGUtils.m in Sources */,
				3F37881F18089D0B00F60303 /* SRUIWindow.m in Sources */,
				3F37882218089D0B00F60303 /* SRVideoWriter.m in Sources */,
				3F5971361757217000971B9B /* ShakeReportTests.m in Sources */,
				3F37881A18089D0B00F60303 /* SRDefines.m in Sources */,
				3F597143175721DC00971B9B /* SRReporter.m in Sources */,
				3F37882118089D0B00F60303 /* SRVideo.m in Sources */,
				3F59714C175725F000971B9B /* UIWindow+SRReporter.m in Sources */,
				3F4F09FA1758674F009EA80A /* SRMethodSwizzler.m in Sources */,
				3F37881E18089D0B00F60303 /* SRUIViewRecorder.m in Sources */,
				35F4873A175B0F1100E8F4EA /* NSData+Base64.m in Sources */,
				3F37881C18089D0B00F60303 /* SRScreenRecorder.m in Sources */,
				3F37881818089D0B00F60303 /* SRCameraRecorder.m in Sources */,
				3F37881718089CF400F60303 /* SRHTTPClient.m in Sources */,
				35F4873F175B10C500E8F4EA /* NSString+HTML.m in Sources */,
				3F37882018089D0B00F60303 /* SRUtils.m in Sources */,
				3F37881B18089D0B00F60303 /* SRRecorder.m in Sources */,
			);
			runOnlyForDeploymentPostprocessing = 0;
		};
/* End PBXSourcesBuildPhase section */

/* Begin PBXTargetDependency section */
		3F59712D1757217000971B9B /* PBXTargetDependency */ = {
			isa = PBXTargetDependency;
			target = 3F5971001757217000971B9B /* ShakeReport */;
			targetProxy = 3F59712C1757217000971B9B /* PBXContainerItemProxy */;
		};
/* End PBXTargetDependency section */

/* Begin PBXVariantGroup section */
		3F59710D1757217000971B9B /* InfoPlist.strings */ = {
			isa = PBXVariantGroup;
			children = (
				3F59710E1757217000971B9B /* en */,
			);
			name = InfoPlist.strings;
			sourceTree = "<group>";
		};
		3F59711C1757217000971B9B /* MainStoryboard.storyboard */ = {
			isa = PBXVariantGroup;
			children = (
				3F59711D1757217000971B9B /* en */,
			);
			name = MainStoryboard.storyboard;
			sourceTree = "<group>";
		};
		3F5971311757217000971B9B /* InfoPlist.strings */ = {
			isa = PBXVariantGroup;
			children = (
				3F5971321757217000971B9B /* en */,
			);
			name = InfoPlist.strings;
			sourceTree = "<group>";
		};
/* End PBXVariantGroup section */

/* Begin XCBuildConfiguration section */
		3F5971371757217000971B9B /* Debug */ = {
			isa = XCBuildConfiguration;
			buildSettings = {
				ALWAYS_SEARCH_USER_PATHS = NO;
				CLANG_CXX_LANGUAGE_STANDARD = "gnu++0x";
				CLANG_CXX_LIBRARY = "libc++";
				CLANG_ENABLE_OBJC_ARC = YES;
				CLANG_WARN_CONSTANT_CONVERSION = YES;
				CLANG_WARN_EMPTY_BODY = YES;
				CLANG_WARN_ENUM_CONVERSION = YES;
				CLANG_WARN_INT_CONVERSION = YES;
				CLANG_WARN__DUPLICATE_METHOD_MATCH = YES;
				"CODE_SIGN_IDENTITY[sdk=iphoneos*]" = "iPhone Developer";
				COPY_PHASE_STRIP = NO;
				GCC_C_LANGUAGE_STANDARD = gnu99;
				GCC_DYNAMIC_NO_PIC = NO;
				GCC_OPTIMIZATION_LEVEL = 0;
				GCC_PREPROCESSOR_DEFINITIONS = (
					"DEBUG=1",
					"$(inherited)",
				);
				GCC_SYMBOLS_PRIVATE_EXTERN = NO;
				GCC_WARN_ABOUT_RETURN_TYPE = YES;
				GCC_WARN_UNINITIALIZED_AUTOS = YES;
				GCC_WARN_UNUSED_VARIABLE = YES;
				IPHONEOS_DEPLOYMENT_TARGET = 6.0;
				ONLY_ACTIVE_ARCH = YES;
				SDKROOT = iphoneos;
			};
			name = Debug;
		};
		3F5971381757217000971B9B /* Release */ = {
			isa = XCBuildConfiguration;
			buildSettings = {
				ALWAYS_SEARCH_USER_PATHS = NO;
				CLANG_CXX_LANGUAGE_STANDARD = "gnu++0x";
				CLANG_CXX_LIBRARY = "libc++";
				CLANG_ENABLE_OBJC_ARC = YES;
				CLANG_WARN_CONSTANT_CONVERSION = YES;
				CLANG_WARN_EMPTY_BODY = YES;
				CLANG_WARN_ENUM_CONVERSION = YES;
				CLANG_WARN_INT_CONVERSION = YES;
				CLANG_WARN__DUPLICATE_METHOD_MATCH = YES;
				"CODE_SIGN_IDENTITY[sdk=iphoneos*]" = "iPhone Developer";
				COPY_PHASE_STRIP = YES;
				GCC_C_LANGUAGE_STANDARD = gnu99;
				GCC_WARN_ABOUT_RETURN_TYPE = YES;
				GCC_WARN_UNINITIALIZED_AUTOS = YES;
				GCC_WARN_UNUSED_VARIABLE = YES;
				IPHONEOS_DEPLOYMENT_TARGET = 6.0;
				OTHER_CFLAGS = "-DNS_BLOCK_ASSERTIONS=1";
				SDKROOT = iphoneos;
				VALIDATE_PRODUCT = YES;
			};
			name = Release;
		};
		3F59713A1757217000971B9B /* Debug */ = {
			isa = XCBuildConfiguration;
			buildSettings = {
				FRAMEWORK_SEARCH_PATHS = (
					"$(inherited)",
					"\"$(SRCROOT)/ShakeReport\"",
				);
				GCC_PRECOMPILE_PREFIX_HEADER = YES;
				GCC_PREFIX_HEADER = "ShakeReport/ShakeReport-Prefix.pch";
				INFOPLIST_FILE = "ShakeReport/ShakeReport-Info.plist";
				IPHONEOS_DEPLOYMENT_TARGET = 6.0;
				PRODUCT_NAME = "$(TARGET_NAME)";
				WRAPPER_EXTENSION = app;
			};
			name = Debug;
		};
		3F59713B1757217000971B9B /* Release */ = {
			isa = XCBuildConfiguration;
			buildSettings = {
				FRAMEWORK_SEARCH_PATHS = (
					"$(inherited)",
					"\"$(SRCROOT)/ShakeReport\"",
				);
				GCC_PRECOMPILE_PREFIX_HEADER = YES;
				GCC_PREFIX_HEADER = "ShakeReport/ShakeReport-Prefix.pch";
				INFOPLIST_FILE = "ShakeReport/ShakeReport-Info.plist";
				IPHONEOS_DEPLOYMENT_TARGET = 6.0;
				PRODUCT_NAME = "$(TARGET_NAME)";
				WRAPPER_EXTENSION = app;
			};
			name = Release;
		};
		3F59713D1757217000971B9B /* Debug */ = {
			isa = XCBuildConfiguration;
			buildSettings = {
				BUNDLE_LOADER = "$(BUILT_PRODUCTS_DIR)/ShakeReport.app/ShakeReport";
				FRAMEWORK_SEARCH_PATHS = (
					"\"$(SDKROOT)/Developer/Library/Frameworks\"",
					"\"$(DEVELOPER_LIBRARY_DIR)/Frameworks\"",
				);
				GCC_PRECOMPILE_PREFIX_HEADER = YES;
				GCC_PREFIX_HEADER = "ShakeReport/ShakeReport-Prefix.pch";
				INFOPLIST_FILE = "ShakeReportTests/ShakeReportTests-Info.plist";
				PRODUCT_NAME = "$(TARGET_NAME)";
				TEST_HOST = "$(BUNDLE_LOADER)";
				WRAPPER_EXTENSION = octest;
			};
			name = Debug;
		};
		3F59713E1757217000971B9B /* Release */ = {
			isa = XCBuildConfiguration;
			buildSettings = {
				BUNDLE_LOADER = "$(BUILT_PRODUCTS_DIR)/ShakeReport.app/ShakeReport";
				FRAMEWORK_SEARCH_PATHS = (
					"\"$(SDKROOT)/Developer/Library/Frameworks\"",
					"\"$(DEVELOPER_LIBRARY_DIR)/Frameworks\"",
				);
				GCC_PRECOMPILE_PREFIX_HEADER = YES;
				GCC_PREFIX_HEADER = "ShakeReport/ShakeReport-Prefix.pch";
				INFOPLIST_FILE = "ShakeReportTests/ShakeReportTests-Info.plist";
				PRODUCT_NAME = "$(TARGET_NAME)";
				TEST_HOST = "$(BUNDLE_LOADER)";
				WRAPPER_EXTENSION = octest;
			};
			name = Release;
		};
/* End XCBuildConfiguration section */

/* Begin XCConfigurationList section */
		3F5970FC1757217000971B9B /* Build configuration list for PBXProject "ShakeReport" */ = {
			isa = XCConfigurationList;
			buildConfigurations = (
				3F5971371757217000971B9B /* Debug */,
				3F5971381757217000971B9B /* Release */,
			);
			defaultConfigurationIsVisible = 0;
			defaultConfigurationName = Release;
		};
		3F5971391757217000971B9B /* Build configuration list for PBXNativeTarget "ShakeReport" */ = {
			isa = XCConfigurationList;
			buildConfigurations = (
				3F59713A1757217000971B9B /* Debug */,
				3F59713B1757217000971B9B /* Release */,
			);
			defaultConfigurationIsVisible = 0;
			defaultConfigurationName = Release;
		};
		3F59713C1757217000971B9B /* Build configuration list for PBXNativeTarget "ShakeReportTests" */ = {
			isa = XCConfigurationList;
			buildConfigurations = (
				3F59713D1757217000971B9B /* Debug */,
				3F59713E1757217000971B9B /* Release */,
			);
			defaultConfigurationIsVisible = 0;
			defaultConfigurationName = Release;
		};
/* End XCConfigurationList section */
	};
	rootObject = 3F5970F91757217000971B9B /* Project object */;
}
